// !$*UTF8*$!
{
	archiveVersion = 1;
	classes = {
	};
	objectVersion = 46;
	objects = {

/* Begin PBXBuildFile section */
		0FB1148B171C0CAF0043E81C /* UIKit.framework in Frameworks */ = {isa = PBXBuildFile; fileRef = 0FB1148A171C0CAF0043E81C /* UIKit.framework */; };
		0FB1148D171C0CAF0043E81C /* Foundation.framework in Frameworks */ = {isa = PBXBuildFile; fileRef = 0FB1148C171C0CAF0043E81C /* Foundation.framework */; };
		0FB1148F171C0CAF0043E81C /* CoreGraphics.framework in Frameworks */ = {isa = PBXBuildFile; fileRef = 0FB1148E171C0CAF0043E81C /* CoreGraphics.framework */; };
		0FB11495171C0CAF0043E81C /* InfoPlist.strings in Resources */ = {isa = PBXBuildFile; fileRef = 0FB11493171C0CAF0043E81C /* InfoPlist.strings */; };
		0FB11497171C0CAF0043E81C /* main.m in Sources */ = {isa = PBXBuildFile; fileRef = 0FB11496171C0CAF0043E81C /* main.m */; };
		0FB1149B171C0CAF0043E81C /* AppDelegate.m in Sources */ = {isa = PBXBuildFile; fileRef = 0FB1149A171C0CAF0043E81C /* AppDelegate.m */; };
		0FB1149D171C0CAF0043E81C /* Default.png in Resources */ = {isa = PBXBuildFile; fileRef = 0FB1149C171C0CAF0043E81C /* Default.png */; };
		0FB1149F171C0CAF0043E81C /* Default@2x.png in Resources */ = {isa = PBXBuildFile; fileRef = 0FB1149E171C0CAF0043E81C /* Default@2x.png */; };
		0FB114A1171C0CAF0043E81C /* Default-568h@2x.png in Resources */ = {isa = PBXBuildFile; fileRef = 0FB114A0171C0CAF0043E81C /* Default-568h@2x.png */; };
		0FB114A4171C0CAF0043E81C /* ViewController.m in Sources */ = {isa = PBXBuildFile; fileRef = 0FB114A3171C0CAF0043E81C /* ViewController.m */; };
/* End PBXBuildFile section */

/* Begin PBXFileReference section */
		0FB11487171C0CAF0043E81C /* 111.app */ = {isa = PBXFileReference; explicitFileType = wrapper.application; includeInIndex = 0; path = 111.app; sourceTree = BUILT_PRODUCTS_DIR; };
		0FB1148A171C0CAF0043E81C /* UIKit.framework */ = {isa = PBXFileReference; lastKnownFileType = wrapper.framework; name = UIKit.framework; path = System/Library/Frameworks/UIKit.framework; sourceTree = SDKROOT; };
		0FB1148C171C0CAF0043E81C /* Foundation.framework */ = {isa = PBXFileReference; lastKnownFileType = wrapper.framework; name = Foundation.framework; path = System/Library/Frameworks/Foundation.framework; sourceTree = SDKROOT; };
		0FB1148E171C0CAF0043E81C /* CoreGraphics.framework */ = {isa = PBXFileReference; lastKnownFileType = wrapper.framework; name = CoreGraphics.framework; path = System/Library/Frameworks/CoreGraphics.framework; sourceTree = SDKROOT; };
		0FB11492171C0CAF0043E81C /* 111-Info.plist */ = {isa = PBXFileReference; lastKnownFileType = text.plist.xml; path = "111-Info.plist"; sourceTree = "<group>"; };
		0FB11494171C0CAF0043E81C /* en */ = {isa = PBXFileReference; lastKnownFileType = text.plist.strings; name = en; path = en.lproj/InfoPlist.strings; sourceTree = "<group>"; };
		0FB11496171C0CAF0043E81C /* main.m */ = {isa = PBXFileReference; lastKnownFileType = sourcecode.c.objc; path = main.m; sourceTree = "<group>"; };
		0FB11498171C0CAF0043E81C /* 111-Prefix.pch */ = {isa = PBXFileReference; lastKnownFileType = sourcecode.c.h; path = "111-Prefix.pch"; sourceTree = "<group>"; };
		0FB11499171C0CAF0043E81C /* AppDelegate.h */ = {isa = PBXFileReference; lastKnownFileType = sourcecode.c.h; path = AppDelegate.h; sourceTree = "<group>"; };
		0FB1149A171C0CAF0043E81C /* AppDelegate.m */ = {isa = PBXFileReference; lastKnownFileType = sourcecode.c.objc; path = AppDelegate.m; sourceTree = "<group>"; };
		0FB1149C171C0CAF0043E81C /* Default.png */ = {isa = PBXFileReference; lastKnownFileType = image.png; path = Default.png; sourceTree = "<group>"; };
		0FB1149E171C0CAF0043E81C /* Default@2x.png */ = {isa = PBXFileReference; lastKnownFileType = image.png; path = "Default@2x.png"; sourceTree = "<group>"; };
		0FB114A0171C0CAF0043E81C /* Default-568h@2x.png */ = {isa = PBXFileReference; lastKnownFileType = image.png; path = "Default-568h@2x.png"; sourceTree = "<group>"; };
		0FB114A2171C0CAF0043E81C /* ViewController.h */ = {isa = PBXFileReference; lastKnownFileType = sourcecode.c.h; path = ViewController.h; sourceTree = "<group>"; };
		0FB114A3171C0CAF0043E81C /* ViewController.m */ = {isa = PBXFileReference; lastKnownFileType = sourcecode.c.objc; path = ViewController.m; sourceTree = "<group>"; };
/* End PBXFileReference section */

/* Begin PBXFrameworksBuildPhase section */
		0FB11484171C0CAF0043E81C /* Frameworks */ = {
			isa = PBXFrameworksBuildPhase;
			buildActionMask = 2147483647;
			files = (
				0FB1148B171C0CAF0043E81C /* UIKit.framework in Frameworks */,
				0FB1148D171C0CAF0043E81C /* Foundation.framework in Frameworks */,
				0FB1148F171C0CAF0043E81C /* CoreGraphics.framework in Frameworks */,
			);
			runOnlyForDeploymentPostprocessing = 0;
		};
/* End PBXFrameworksBuildPhase section */

/* Begin PBXGroup section */
		0FB1147E171C0CAF0043E81C = {
			isa = PBXGroup;
			children = (
				0FB11490171C0CAF0043E81C /* 111 */,
				0FB11489171C0CAF0043E81C /* Frameworks */,
				0FB11488171C0CAF0043E81C /* Products */,
			);
			sourceTree = "<group>";
		};
		0FB11488171C0CAF0043E81C /* Products */ = {
			isa = PBXGroup;
			children = (
				0FB11487171C0CAF0043E81C /* 111.app */,
			);
			name = Products;
			sourceTree = "<group>";
		};
		0FB11489171C0CAF0043E81C /* Frameworks */ = {
			isa = PBXGroup;
			children = (
				0FB1148A171C0CAF0043E81C /* UIKit.framework */,
				0FB1148C171C0CAF0043E81C /* Foundation.framework */,
				0FB1148E171C0CAF0043E81C /* CoreGraphics.framework */,
			);
			name = Frameworks;
			sourceTree = "<group>";
		};
		0FB11490171C0CAF0043E81C /* 111 */ = {
			isa = PBXGroup;
			children = (
				0FB11499171C0CAF0043E81C /* AppDelegate.h */,
				0FB1149A171C0CAF0043E81C /* AppDelegate.m */,
				0FB114A2171C0CAF0043E81C /* ViewController.h */,
				0FB114A3171C0CAF0043E81C /* ViewController.m */,
				0FB11491171C0CAF0043E81C /* Supporting Files */,
			);
			path = 111;
			sourceTree = "<group>";
		};
		0FB11491171C0CAF0043E81C /* Supporting Files */ = {
			isa = PBXGroup;
			children = (
				0FB11492171C0CAF0043E81C /* 111-Info.plist */,
				0FB11493171C0CAF0043E81C /* InfoPlist.strings */,
				0FB11496171C0CAF0043E81C /* main.m */,
				0FB11498171C0CAF0043E81C /* 111-Prefix.pch */,
				0FB1149C171C0CAF0043E81C /* Default.png */,
				0FB1149E171C0CAF0043E81C /* Default@2x.png */,
				0FB114A0171C0CAF0043E81C /* Default-568h@2x.png */,
			);
			name = "Supporting Files";
			sourceTree = "<group>";
		};
/* End PBXGroup section */

/* Begin PBXNativeTarget section */
		0FB11486171C0CAF0043E81C /* 111 */ = {
			isa = PBXNativeTarget;
			buildConfigurationList = 0FB114AA171C0CAF0043E81C /* Build configuration list for PBXNativeTarget "111" */;
			buildPhases = (
				0FB11483171C0CAF0043E81C /* Sources */,
				0FB11484171C0CAF0043E81C /* Frameworks */,
				0FB11485171C0CAF0043E81C /* Resources */,
			);
			buildRules = (
			);
			dependencies = (
			);
			name = 111;
			productName = 111;
			productReference = 0FB11487171C0CAF0043E81C /* 111.app */;
			productType = "com.apple.product-type.application";
		};
/* End PBXNativeTarget section */

/* Begin PBXProject section */
		0FB1147F171C0CAF0043E81C /* Project object */ = {
			isa = PBXProject;
			attributes = {
				LastUpgradeCheck = 0460;
				ORGANIZATIONNAME = ibokan;
			};
			buildConfigurationList = 0FB11482171C0CAF0043E81C /* Build configuration list for PBXProject "111" */;
			compatibilityVersion = "Xcode 3.2";
			developmentRegion = English;
			hasScannedForEncodings = 0;
			knownRegions = (
				en,
			);
			mainGroup = 0FB1147E171C0CAF0043E81C;
			productRefGroup = 0FB11488171C0CAF0043E81C /* Products */;
			projectDirPath = "";
			projectRoot = "";
			targets = (
				0FB11486171C0CAF0043E81C /* 111 */,
			);
		};
/* End PBXProject section */

/* Begin PBXResourcesBuildPhase section */
		0FB11485171C0CAF0043E81C /* Resources */ = {
			isa = PBXResourcesBuildPhase;
			buildActionMask = 2147483647;
			files = (
				0FB11495171C0CAF0043E81C /* InfoPlist.strings in Resources */,
				0FB1149D171C0CAF0043E81C /* Default.png in Resources */,
				0FB1149F171C0CAF0043E81C /* Default@2x.png in Resources */,
				0FB114A1171C0CAF0043E81C /* Default-568h@2x.png in Resources */,
			);
			runOnlyForDeploymentPostprocessing = 0;
		};
/* End PBXResourcesBuildPhase section */

/* Begin PBXSourcesBuildPhase section */
		0FB11483171C0CAF0043E81C /* Sources */ = {
			isa = PBXSourcesBuildPhase;
			buildActionMask = 2147483647;
			files = (
				0FB11497171C0CAF0043E81C /* main.m in Sources */,
				0FB1149B171C0CAF0043E81C /* AppDelegate.m in Sources */,
				0FB114A4171C0CAF0043E81C /* ViewController.m in Sources */,
			);
			runOnlyForDeploymentPostprocessing = 0;
		};
/* End PBXSourcesBuildPhase section */

/* Begin PBXVariantGroup section */
		0FB11493171C0CAF0043E81C /* InfoPlist.strings */ = {
			isa = PBXVariantGroup;
			children = (
				0FB11494171C0CAF0043E81C /* en */,
			);
			name = InfoPlist.strings;
			sourceTree = "<group>";
		};
/* End PBXVariantGroup section */

/* Begin XCBuildConfiguration section */
		0FB114A8171C0CAF0043E81C /* Debug */ = {
			isa = XCBuildConfiguration;
			buildSettings = {
				ALWAYS_SEARCH_USER_PATHS = NO;
				CLANG_CXX_LANGUAGE_STANDARD = "gnu++0x";
				CLANG_CXX_LIBRARY = "libc++";
				CLANG_WARN_CONSTANT_CONVERSION = YES;
				CLANG_WARN_EMPTY_BODY = YES;
				CLANG_WARN_ENUM_CONVERSION = YES;
				CLANG_WARN_INT_CONVERSION = YES;
				CLANG_WARN__DUPLICATE_METHOD_MATCH = YES;
				"CODE_SIGN_IDENTITY[sdk=iphoneos*]" = "iPhone Developer";
				COPY_PHASE_STRIP = NO;
				GCC_C_LANGUAGE_STANDARD = gnu99;
				GCC_DYNAMIC_NO_PIC = NO;
				GCC_OPTIMIZATION_LEVEL = 0;
				GCC_PREPROCESSOR_DEFINITIONS = (
					"DEBUG=1",
					"$(inherited)",
				);
				GCC_SYMBOLS_PRIVATE_EXTERN = NO;
				GCC_WARN_ABOUT_RETURN_TYPE = YES;
				GCC_WARN_UNINITIALIZED_AUTOS = YES;
				GCC_WARN_UNUSED_VARIABLE = YES;
				IPHONEOS_DEPLOYMENT_TARGET = 6.1;
				ONLY_ACTIVE_ARCH = YES;
				SDKROOT = iphoneos;
			};
			name = Debug;
		};
		0FB114A9171C0CAF0043E81C /* Release */ = {
			isa = XCBuildConfiguration;
			buildSettings = {
				ALWAYS_SEARCH_USER_PATHS = NO;
				CLANG_CXX_LANGUAGE_STANDARD = "gnu++0x";
				CLANG_CXX_LIBRARY = "libc++";
				CLANG_WARN_CONSTANT_CONVERSION = YES;
				CLANG_WARN_EMPTY_BODY = YES;
				CLANG_WARN_ENUM_CONVERSION = YES;
				CLANG_WARN_INT_CONVERSION = YES;
				CLANG_WARN__DUPLICATE_METHOD_MATCH = YES;
				"CODE_SIGN_IDENTITY[sdk=iphoneos*]" = "iPhone Developer";
				COPY_PHASE_STRIP = YES;
				GCC_C_LANGUAGE_STANDARD = gnu99;
				GCC_WARN_ABOUT_RETURN_TYPE = YES;
				GCC_WARN_UNINITIALIZED_AUTOS = YES;
				GCC_WARN_UNUSED_VARIABLE = YES;
				IPHONEOS_DEPLOYMENT_TARGET = 6.1;
				OTHER_CFLAGS = "-DNS_BLOCK_ASSERTIONS=1";
				SDKROOT = iphoneos;
				VALIDATE_PRODUCT = YES;
			};
			name = Release;
		};
		0FB114AB171C0CAF0043E81C /* Debug */ = {
			isa = XCBuildConfiguration;
			buildSettings = {
				GCC_PRECOMPILE_PREFIX_HEADER = YES;
				GCC_PREFIX_HEADER = "111/111-Prefix.pch";
				INFOPLIST_FILE = "111/111-Info.plist";
				PRODUCT_NAME = "$(TARGET_NAME)";
				WRAPPER_EXTENSION = app;
			};
			name = Debug;
		};
		0FB114AC171C0CAF0043E81C /* Release */ = {
			isa = XCBuildConfiguration;
			buildSettings = {
				GCC_PRECOMPILE_PREFIX_HEADER = YES;
				GCC_PREFIX_HEADER = "111/111-Prefix.pch";
				INFOPLIST_FILE = "111/111-Info.plist";
				PRODUCT_NAME = "$(TARGET_NAME)";
				WRAPPER_EXTENSION = app;
			};
			name = Release;
		};
/* End XCBuildConfiguration section */

/* Begin XCConfigurationList section */
		0FB11482171C0CAF0043E81C /* Build configuration list for PBXProject "111" */ = {
			isa = XCConfigurationList;
			buildConfigurations = (
				0FB114A8171C0CAF0043E81C /* Debug */,
				0FB114A9171C0CAF0043E81C /* Release */,
			);
			defaultConfigurationIsVisible = 0;
			defaultConfigurationName = Release;
		};
		0FB114AA171C0CAF0043E81C /* Build configuration list for PBXNativeTarget "111" */ = {
			isa = XCConfigurationList;
			buildConfigurations = (
				0FB114AB171C0CAF0043E81C /* Debug */,
				0FB114AC171C0CAF0043E81C /* Release */,
			);
			defaultConfigurationIsVisible = 0;
		};
/* End XCConfigurationList section */
	};
	rootObject = 0FB1147F171C0CAF0043E81C /* Project object */;
}
